
Microsoft Visual Studio Solution File, Format Version 12.00
# Visual Studio Version 17
VisualStudioVersion = 17.0.31903.59
MinimumVisualStudioVersion = 10.0.40219.1
Project("{2150E333-8FDC-42A3-9474-1A3956D46DE8}") = "0001.Two Sum", "0001.Two Sum", "{19B004A0-2979-4BC7-BC8C-C59D342475D6}"
EndProject
Project("{FAE04EC0-301F-11D3-BF4B-00C04F79EFBC}") = "0001.Two Sum", "0001.Two Sum\0001.Two Sum.csproj", "{F1E2A11E-4480-4392-B42B-CA9E73DC5617}"
EndProject
Project("{2150E333-8FDC-42A3-9474-1A3956D46DE8}") = "0002.Add Two Numbers", "0002.Add Two Numbers", "{309414CF-AB14-4D5C-885A-454B93CCC9BF}"
EndProject
Project("{FAE04EC0-301F-11D3-BF4B-00C04F79EFBC}") = "0002.Add Two Numbers", "0002.Add Two Numbers\0002.Add Two Numbers.csproj", "{B83FEE21-E7B5-4F79-AE53-966B59E4B9E2}"
EndProject
Project("{2150E333-8FDC-42A3-9474-1A3956D46DE8}") = "0003.Longest Substring", "0003.Longest Substring", "{2BCBC88A-BB6D-4660-85A0-38688CB9DA9C}"
EndProject
Project("{2150E333-8FDC-42A3-9474-1A3956D46DE8}") = "0007.Reverse Integer", "0007.Reverse Integer", "{AB34A2F8-EF2D-4350-8F3A-0E5EE2D63B30}"
EndProject
Project("{FAE04EC0-301F-11D3-BF4B-00C04F79EFBC}") = "0007.Reverse Integer", "0007.Reverse Integer\0007.Reverse Integer.csproj", "{21A2C2CA-5D6A-4712-AD36-F79DAFF7B3FF}"
EndProject
Project("{FAE04EC0-301F-11D3-BF4B-00C04F79EFBC}") = "0003.Longest Substring Without Repeating Characters", "0003.Longest Substring Without Repeating Characters \0003.Longest Substring Without Repeating Characters.csproj", "{9BE4090D-C66F-4ED8-A6DF-3B81DE9F191D}"
EndProject
Project("{FAE04EC0-301F-11D3-BF4B-00C04F79EFBC}") = "0008.String to Integer", "0008.String to Integer \0008.String to Integer.csproj", "{71CE9A83-C1B0-4403-B5D3-4B83BACEB364}"
EndProject
Project("{FAE04EC0-301F-11D3-BF4B-00C04F79EFBC}") = "0009.Palindrome Number", "0009.Palindrome Number\0009.Palindrome Number.csproj", "{8CA7520E-57A0-45E6-B28D-887FDE552E35}"
EndProject
Project("{2150E333-8FDC-42A3-9474-1A3956D46DE8}") = "0004.Median of Two Sorted Arrays", "0004.Median of Two Sorted Arrays", "{3655F1FE-0E54-449C-9CE1-0A931084E2CD}"
EndProject
Project("{FAE04EC0-301F-11D3-BF4B-00C04F79EFBC}") = "0004.Median of Two Sorted Arrays", "0004.Median of Two Sorted Arrays\0004.Median of Two Sorted Arrays.csproj", "{429A61CB-4DA1-48C5-8522-4F1165D7DE4D}"
EndProject
Project("{FAE04EC0-301F-11D3-BF4B-00C04F79EFBC}") = "0005.Longest Palindromic Substring", "0005.Longest Palindromic Substring\0005.Longest Palindromic Substring.csproj", "{A973ECF8-7725-4AAD-9B65-CB0A452EC956}"
EndProject
Project("{FAE04EC0-301F-11D3-BF4B-00C04F79EFBC}") = "0010.Regular Expression Matching", "0010.Regular Expression Matching\0010.Regular Expression Matching.csproj", "{4509B64E-7704-4DEA-8511-F741D9339F70}"
EndProject
Project("{FAE04EC0-301F-11D3-BF4B-00C04F79EFBC}") = "0011.Container With Most Water", "0011.Container With Most Water\0011.Container With Most Water.csproj", "{D0490254-6487-4E16-8660-4D5E3E29E698}"
EndProject
Project("{FAE04EC0-301F-11D3-BF4B-00C04F79EFBC}") = "0012.Integer to Roman", "0012.Integer to Roman\0012.Integer to Roman.csproj", "{654E6F99-38C4-4154-84DC-7FF54661692B}"
EndProject
Project("{FAE04EC0-301F-11D3-BF4B-00C04F79EFBC}") = "0013.Roman to Integer", "0013.Roman to Integer\0013.Roman to Integer.csproj", "{B6D43CF3-B3A0-43C6-BAE4-26E4AF05BBBF}"
EndProject
Project("{FAE04EC0-301F-11D3-BF4B-00C04F79EFBC}") = "0014.Longest Common Prefix", "0014.Longest Common Prefix\0014.Longest Common Prefix.csproj", "{BEC8AECB-8B0B-4218-AAA0-8C88B49E6490}"
EndProject
Project("{FAE04EC0-301F-11D3-BF4B-00C04F79EFBC}") = "0015.3Sum", "0015.3Sum\0015.3Sum.csproj", "{7018EBD7-2518-4DE7-925D-5B4CCC555C98}"
EndProject
Project("{FAE04EC0-301F-11D3-BF4B-00C04F79EFBC}") = "0016.3Sum Closest", "0016.3Sum Closest \0016.3Sum Closest.csproj", "{A8A7FBEC-179E-4E24-9A70-29EF73CD65B7}"
EndProject
Project("{FAE04EC0-301F-11D3-BF4B-00C04F79EFBC}") = "0017.Letter Combinations of a Phone Number", "0017.Letter Combinations of a Phone Number \0017.Letter Combinations of a Phone Number.csproj", "{278BB28A-33FF-4823-9C65-7C1E4A64C6E7}"
EndProject
Project("{FAE04EC0-301F-11D3-BF4B-00C04F79EFBC}") = "0018.4Sum", "0018.4Sum\0018.4Sum.csproj", "{F2720E78-6DF4-4EA6-A035-EB18219668CD}"
EndProject
Project("{FAE04EC0-301F-11D3-BF4B-00C04F79EFBC}") = "0019.Remove Nth Node From End of List", "0019.Remove Nth Node From End of List \0019.Remove Nth Node From End of List.csproj", "{D8760426-ACE7-4D87-A4DF-7A0D9DA4CF9E}"
EndProject
Project("{FAE04EC0-301F-11D3-BF4B-00C04F79EFBC}") = "0020.Valid Parentheses", "0020.Valid Parentheses\0020.Valid Parentheses.csproj", "{2DB18DCD-810D-457C-9C43-DF33B456D72A}"
EndProject
Project("{FAE04EC0-301F-11D3-BF4B-00C04F79EFBC}") = "0021.Merge Two Sorted Lists", "0021.Merge Two Sorted Lists\0021.Merge Two Sorted Lists.csproj", "{437FB7DB-0570-445F-B261-519F5AE0801D}"
EndProject
Project("{FAE04EC0-301F-11D3-BF4B-00C04F79EFBC}") = "0022.Generate Parentheses", "0022.Generate Parentheses\0022.Generate Parentheses.csproj", "{20871875-239F-4B2B-872C-8573FA0C8167}"
EndProject
Project("{FAE04EC0-301F-11D3-BF4B-00C04F79EFBC}") = "0023.Merge k Sorted Lists", "0023.Merge k Sorted Lists\0023.Merge k Sorted Lists.csproj", "{76EE6E92-FD40-46B4-82CF-9FC7AD20D0B8}"
EndProject
Project("{FAE04EC0-301F-11D3-BF4B-00C04F79EFBC}") = "0024.Swap Nodes in Pairs", "0024.Swap Nodes in Pairs\0024.Swap Nodes in Pairs.csproj", "{F331A755-0475-4F64-90E4-4101A9B41CFA}"
EndProject
Project("{FAE04EC0-301F-11D3-BF4B-00C04F79EFBC}") = "0025.Reverse Nodes in k-Group", "0025.Reverse Nodes in k-Group\0025.Reverse Nodes in k-Group.csproj", "{3F4C9A9E-3646-4F20-AFB1-DC92CD010466}"
EndProject
Project("{FAE04EC0-301F-11D3-BF4B-00C04F79EFBC}") = "0126.Word Ladder", "0126.Word Ladder\0126.Word Ladder.csproj", "{3EBC2644-5D94-44E5-B3E2-1966957BD00E}"
EndProject
Project("{FAE04EC0-301F-11D3-BF4B-00C04F79EFBC}") = "0127.Word Ladder", "0127.Word Ladder \0127.Word Ladder.csproj", "{5B6F124D-3780-463F-B7BC-8479D1177C7B}"
EndProject
Project("{FAE04EC0-301F-11D3-BF4B-00C04F79EFBC}") = "0128.Longest Consecutive Sequence", "0128.Longest Consecutive Sequence\0128.Longest Consecutive Sequence.csproj", "{13E2F21B-E11B-496C-AA0E-4569E23EDCE5}"
EndProject
Project("{FAE04EC0-301F-11D3-BF4B-00C04F79EFBC}") = "0026.Remove Duplicates from Sorted Array", "0026.Remove Duplicates from Sorted Array\0026.Remove Duplicates from Sorted Array.csproj", "{EF6FC9D6-395B-4BA7-AFEE-53F95C25BF45}"
EndProject
Project("{FAE04EC0-301F-11D3-BF4B-00C04F79EFBC}") = "0027.Remove Element", "0027.Remove Element\0027.Remove Element.csproj", "{A37DFB94-4C0A-46B7-9046-BDEEC0DDE268}"
EndProject
Project("{FAE04EC0-301F-11D3-BF4B-00C04F79EFBC}") = "0028.Find the Index of the First Occurrence in a String", "0028.Find the Index of the First Occurrence in a String \0028.Find the Index of the First Occurrence in a String.csproj", "{98508DFD-84F7-49C1-A580-C45FD01B386B}"
EndProject
Project("{FAE04EC0-301F-11D3-BF4B-00C04F79EFBC}") = "0029.Divide Two Integers", "0029.Divide Two Integers\0029.Divide Two Integers.csproj", "{A35B52CD-31CA-45AE-BE45-C02F632EF578}"
EndProject
Project("{FAE04EC0-301F-11D3-BF4B-00C04F79EFBC}") = "0030.Substring with Concatenation of All Words", "0030.Substring with Concatenation of All Words\0030.Substring with Concatenation of All Words.csproj", "{E9127D2C-3873-4D76-9A87-8660B0D139CD}"
EndProject
Project("{FAE04EC0-301F-11D3-BF4B-00C04F79EFBC}") = "0031.Next Permutation", "0031.Next Permutation\0031.Next Permutation.csproj", "{2E18A588-38AE-4DB9-AF8B-7A8776360FAD}"
EndProject
Project("{FAE04EC0-301F-11D3-BF4B-00C04F79EFBC}") = "0032.Longest Valid Parentheses", "0032.Longest Valid Parentheses\0032.Longest Valid Parentheses.csproj", "{13566857-CDFB-48E6-8DEA-7D17B56B6CE6}"
EndProject
Project("{FAE04EC0-301F-11D3-BF4B-00C04F79EFBC}") = "0033.Search in Rotated Sorted Array", "0033.Search in Rotated Sorted Array \0033.Search in Rotated Sorted Array.csproj", "{E3BAB687-A52F-4F25-83BB-64B18DC6613D}"
EndProject
Project("{FAE04EC0-301F-11D3-BF4B-00C04F79EFBC}") = "0034.Find First and Last Position of Element in Sorted Array", "0034.Find First and Last Position of Element in Sorted Array\0034.Find First and Last Position of Element in Sorted Array.csproj", "{999CAEA2-57E1-4124-A872-59099AB5BC24}"
EndProject
Project("{FAE04EC0-301F-11D3-BF4B-00C04F79EFBC}") = "0035.Search Insert Position", "0035.Search Insert Position\0035.Search Insert Position.csproj", "{4F786D4A-0551-4C73-BAE2-841DFE43044F}"
EndProject
Project("{FAE04EC0-301F-11D3-BF4B-00C04F79EFBC}") = "0036.Valid Sudoku", "0036.Valid Sudoku\0036.Valid Sudoku.csproj", "{403D5B02-3B3B-44B8-AD5F-DFFBBE3421FD}"
EndProject
Project("{FAE04EC0-301F-11D3-BF4B-00C04F79EFBC}") = "0037.Sudoku Solver", "0037.Sudoku Solver\0037.Sudoku Solver.csproj", "{6BACEC9A-8DC8-4AE8-954B-6E3BA96BF5CE}"
EndProject
Project("{FAE04EC0-301F-11D3-BF4B-00C04F79EFBC}") = "0038.Count and Say", "0038.Count and Say\0038.Count and Say.csproj", "{38B4E154-CD13-4047-8250-29609D326EE7}"
EndProject
Project("{FAE04EC0-301F-11D3-BF4B-00C04F79EFBC}") = "0039.Combination Sum", "0039.Combination Sum\0039.Combination Sum.csproj", "{6A8E2B0A-43A9-4A55-8922-2224B288481C}"
EndProject
Project("{FAE04EC0-301F-11D3-BF4B-00C04F79EFBC}") = "0040.Combination Sum II", "0040.Combination Sum II\0040.Combination Sum II.csproj", "{6ED268CB-3D08-444A-BF3E-23D166367C9F}"
EndProject
Project("{FAE04EC0-301F-11D3-BF4B-00C04F79EFBC}") = "0041.First Missing Positive", "0041.First Missing Positive\0041.First Missing Positive.csproj", "{508CCAD3-0C0E-430A-84AE-606C5ED6342A}"
EndProject
Project("{FAE04EC0-301F-11D3-BF4B-00C04F79EFBC}") = "0042.Trapping Rain Water", "0042.Trapping Rain Water\0042.Trapping Rain Water.csproj", "{00F9606F-F3DC-47F9-A220-EB7D0CF7C10E}"
EndProject
Project("{FAE04EC0-301F-11D3-BF4B-00C04F79EFBC}") = "0043.Multiply String", "0043.Multiply String\0043.Multiply String.csproj", "{F3079BA9-6861-4C84-9F1E-8F867116B87D}"
EndProject
Project("{FAE04EC0-301F-11D3-BF4B-00C04F79EFBC}") = "0044.Wildcard Matching", "0044.Wildcard Matching\0044.Wildcard Matching.csproj", "{5DF518F7-8274-4399-BA23-F08FD1D4DDE0}"
EndProject
Project("{FAE04EC0-301F-11D3-BF4B-00C04F79EFBC}") = "0045.Jump Game II", "0045.Jump Game II\0045.Jump Game II.csproj", "{30C71F0C-9C3F-4113-9F01-4D033FF01738}"
EndProject
Project("{FAE04EC0-301F-11D3-BF4B-00C04F79EFBC}") = "0046.Permutations", "0046.Permutations\0046.Permutations.csproj", "{DB52D1CC-26E8-441B-B332-F40B3E9F1FB0}"
EndProject
Project("{FAE04EC0-301F-11D3-BF4B-00C04F79EFBC}") = "0047.Permutations II", "0047.Permutations II\0047.Permutations II.csproj", "{57CF95C1-6AFA-4275-974A-300F960EC92E}"
EndProject
Project("{FAE04EC0-301F-11D3-BF4B-00C04F79EFBC}") = "0048.Rotate Image", "0048.Rotate Image\0048.Rotate Image.csproj", "{83CA1080-7090-4B4A-A742-98923807D3D3}"
EndProject
Project("{FAE04EC0-301F-11D3-BF4B-00C04F79EFBC}") = "0049.Group Anagrams", "0049.Group Anagrams\0049.Group Anagrams.csproj", "{8C33183F-AF43-4103-A35F-8D0C6F426CA4}"
EndProject
Project("{FAE04EC0-301F-11D3-BF4B-00C04F79EFBC}") = "0050.Pow", "0050.Pow\0050.Pow.csproj", "{7AF06D6B-28F9-46F0-9BD5-1C865FDD41AE}"
EndProject
Project("{FAE04EC0-301F-11D3-BF4B-00C04F79EFBC}") = "0051.N-Queens", "0051.N-Queens\0051.N-Queens.csproj", "{DCBA6E7B-3DA6-485E-8C6E-C6E7B1F3E6C2}"
EndProject
Project("{FAE04EC0-301F-11D3-BF4B-00C04F79EFBC}") = "0052.N-Queens", "0052.N-Queens\0052.N-Queens.csproj", "{836E7F48-AAD9-4BC7-B810-D9779DCF4051}"
EndProject
Project("{FAE04EC0-301F-11D3-BF4B-00C04F79EFBC}") = "0053.Maximum Subarray", "0053.Maximum Subarray\0053.Maximum Subarray.csproj", "{276BE6B5-32A5-4853-A4CA-6432029F401E}"
EndProject
Project("{FAE04EC0-301F-11D3-BF4B-00C04F79EFBC}") = "0054.Spiral Matrix", "0054.Spiral Matrix\0054.Spiral Matrix.csproj", "{928060A9-9A6B-45D2-88E5-181CE4E6B2BD}"
EndProject
Project("{FAE04EC0-301F-11D3-BF4B-00C04F79EFBC}") = "0055.Jump Game", "0055.Jump Game\0055.Jump Game.csproj", "{F84491FB-83CB-4297-9DDC-9ED4F542C665}"
EndProject
Project("{2150E333-8FDC-42A3-9474-1A3956D46DE8}") = "0000-0099", "0000-0099", "{2AC20335-A104-4A69-BE10-E099051A299B}"
EndProject
Project("{2150E333-8FDC-42A3-9474-1A3956D46DE8}") = "0100-0199", "0100-0199", "{B36D8BAE-F825-4929-9363-CE7E4668741E}"
EndProject
Project("{FAE04EC0-301F-11D3-BF4B-00C04F79EFBC}") = "0056.Merge Intervals", "0056.Merge Intervals\0056.Merge Intervals.csproj", "{1EA250AA-A9DC-42A9-8F72-EF3AF7EEE62E}"
EndProject
Project("{FAE04EC0-301F-11D3-BF4B-00C04F79EFBC}") = "0057.Insert Interval", "0057.Insert Interval\0057.Insert Interval.csproj", "{CE9E7C75-023C-4C12-BFFA-C45E320D9561}"
EndProject
Project("{FAE04EC0-301F-11D3-BF4B-00C04F79EFBC}") = "0058.Length of Last Word", "0058.Length of Last Word\0058.Length of Last Word.csproj", "{78EF27B9-D8B1-4F51-A491-EEFA84E465DC}"
EndProject
Project("{FAE04EC0-301F-11D3-BF4B-00C04F79EFBC}") = "0059.Spiral Matrix II", "0059.Spiral Matrix II\0059.Spiral Matrix II.csproj", "{86F4EB57-27C8-4895-8EB6-BBF528DD06DD}"
EndProject
Project("{FAE04EC0-301F-11D3-BF4B-00C04F79EFBC}") = "0060.Permutation Sequence", "0060.Permutation Sequence\0060.Permutation Sequence.csproj", "{1F669A44-FD82-44C0-82CD-E53C8B6ED0E5}"
EndProject
Global
	GlobalSection(SolutionConfigurationPlatforms) = preSolution
		Debug|Any CPU = Debug|Any CPU
		Release|Any CPU = Release|Any CPU
	EndGlobalSection
	GlobalSection(SolutionProperties) = preSolution
		HideSolutionNode = FALSE
	EndGlobalSection
	GlobalSection(NestedProjects) = preSolution
		{F1E2A11E-4480-4392-B42B-CA9E73DC5617} = {19B004A0-2979-4BC7-BC8C-C59D342475D6}
		{B83FEE21-E7B5-4F79-AE53-966B59E4B9E2} = {309414CF-AB14-4D5C-885A-454B93CCC9BF}
		{21A2C2CA-5D6A-4712-AD36-F79DAFF7B3FF} = {AB34A2F8-EF2D-4350-8F3A-0E5EE2D63B30}
		{9BE4090D-C66F-4ED8-A6DF-3B81DE9F191D} = {2BCBC88A-BB6D-4660-85A0-38688CB9DA9C}
		{429A61CB-4DA1-48C5-8522-4F1165D7DE4D} = {3655F1FE-0E54-449C-9CE1-0A931084E2CD}
		{19B004A0-2979-4BC7-BC8C-C59D342475D6} = {2AC20335-A104-4A69-BE10-E099051A299B}
		{309414CF-AB14-4D5C-885A-454B93CCC9BF} = {2AC20335-A104-4A69-BE10-E099051A299B}
		{2BCBC88A-BB6D-4660-85A0-38688CB9DA9C} = {2AC20335-A104-4A69-BE10-E099051A299B}
		{3655F1FE-0E54-449C-9CE1-0A931084E2CD} = {2AC20335-A104-4A69-BE10-E099051A299B}
		{AB34A2F8-EF2D-4350-8F3A-0E5EE2D63B30} = {2AC20335-A104-4A69-BE10-E099051A299B}
		{A973ECF8-7725-4AAD-9B65-CB0A452EC956} = {2AC20335-A104-4A69-BE10-E099051A299B}
	EndGlobalSection
	GlobalSection(ProjectConfigurationPlatforms) = postSolution
		{F1E2A11E-4480-4392-B42B-CA9E73DC5617}.Debug|Any CPU.ActiveCfg = Debug|Any CPU
		{F1E2A11E-4480-4392-B42B-CA9E73DC5617}.Debug|Any CPU.Build.0 = Debug|Any CPU
		{F1E2A11E-4480-4392-B42B-CA9E73DC5617}.Release|Any CPU.ActiveCfg = Release|Any CPU
		{F1E2A11E-4480-4392-B42B-CA9E73DC5617}.Release|Any CPU.Build.0 = Release|Any CPU
		{B83FEE21-E7B5-4F79-AE53-966B59E4B9E2}.Debug|Any CPU.ActiveCfg = Debug|Any CPU
		{B83FEE21-E7B5-4F79-AE53-966B59E4B9E2}.Debug|Any CPU.Build.0 = Debug|Any CPU
		{B83FEE21-E7B5-4F79-AE53-966B59E4B9E2}.Release|Any CPU.ActiveCfg = Release|Any CPU
		{B83FEE21-E7B5-4F79-AE53-966B59E4B9E2}.Release|Any CPU.Build.0 = Release|Any CPU
		{21A2C2CA-5D6A-4712-AD36-F79DAFF7B3FF}.Debug|Any CPU.ActiveCfg = Debug|Any CPU
		{21A2C2CA-5D6A-4712-AD36-F79DAFF7B3FF}.Debug|Any CPU.Build.0 = Debug|Any CPU
		{21A2C2CA-5D6A-4712-AD36-F79DAFF7B3FF}.Release|Any CPU.ActiveCfg = Release|Any CPU
		{21A2C2CA-5D6A-4712-AD36-F79DAFF7B3FF}.Release|Any CPU.Build.0 = Release|Any CPU
		{9BE4090D-C66F-4ED8-A6DF-3B81DE9F191D}.Debug|Any CPU.ActiveCfg = Debug|Any CPU
		{9BE4090D-C66F-4ED8-A6DF-3B81DE9F191D}.Debug|Any CPU.Build.0 = Debug|Any CPU
		{9BE4090D-C66F-4ED8-A6DF-3B81DE9F191D}.Release|Any CPU.ActiveCfg = Release|Any CPU
		{9BE4090D-C66F-4ED8-A6DF-3B81DE9F191D}.Release|Any CPU.Build.0 = Release|Any CPU
		{71CE9A83-C1B0-4403-B5D3-4B83BACEB364}.Debug|Any CPU.ActiveCfg = Debug|Any CPU
		{71CE9A83-C1B0-4403-B5D3-4B83BACEB364}.Debug|Any CPU.Build.0 = Debug|Any CPU
		{71CE9A83-C1B0-4403-B5D3-4B83BACEB364}.Release|Any CPU.ActiveCfg = Release|Any CPU
		{71CE9A83-C1B0-4403-B5D3-4B83BACEB364}.Release|Any CPU.Build.0 = Release|Any CPU
		{8CA7520E-57A0-45E6-B28D-887FDE552E35}.Debug|Any CPU.ActiveCfg = Debug|Any CPU
		{8CA7520E-57A0-45E6-B28D-887FDE552E35}.Debug|Any CPU.Build.0 = Debug|Any CPU
		{8CA7520E-57A0-45E6-B28D-887FDE552E35}.Release|Any CPU.ActiveCfg = Release|Any CPU
		{8CA7520E-57A0-45E6-B28D-887FDE552E35}.Release|Any CPU.Build.0 = Release|Any CPU
		{429A61CB-4DA1-48C5-8522-4F1165D7DE4D}.Debug|Any CPU.ActiveCfg = Debug|Any CPU
		{429A61CB-4DA1-48C5-8522-4F1165D7DE4D}.Debug|Any CPU.Build.0 = Debug|Any CPU
		{429A61CB-4DA1-48C5-8522-4F1165D7DE4D}.Release|Any CPU.ActiveCfg = Release|Any CPU
		{429A61CB-4DA1-48C5-8522-4F1165D7DE4D}.Release|Any CPU.Build.0 = Release|Any CPU
		{A973ECF8-7725-4AAD-9B65-CB0A452EC956}.Debug|Any CPU.ActiveCfg = Debug|Any CPU
		{A973ECF8-7725-4AAD-9B65-CB0A452EC956}.Debug|Any CPU.Build.0 = Debug|Any CPU
		{A973ECF8-7725-4AAD-9B65-CB0A452EC956}.Release|Any CPU.ActiveCfg = Release|Any CPU
		{A973ECF8-7725-4AAD-9B65-CB0A452EC956}.Release|Any CPU.Build.0 = Release|Any CPU
		{4509B64E-7704-4DEA-8511-F741D9339F70}.Debug|Any CPU.ActiveCfg = Debug|Any CPU
		{4509B64E-7704-4DEA-8511-F741D9339F70}.Debug|Any CPU.Build.0 = Debug|Any CPU
		{4509B64E-7704-4DEA-8511-F741D9339F70}.Release|Any CPU.ActiveCfg = Release|Any CPU
		{4509B64E-7704-4DEA-8511-F741D9339F70}.Release|Any CPU.Build.0 = Release|Any CPU
		{D0490254-6487-4E16-8660-4D5E3E29E698}.Debug|Any CPU.ActiveCfg = Debug|Any CPU
		{D0490254-6487-4E16-8660-4D5E3E29E698}.Debug|Any CPU.Build.0 = Debug|Any CPU
		{D0490254-6487-4E16-8660-4D5E3E29E698}.Release|Any CPU.ActiveCfg = Release|Any CPU
		{D0490254-6487-4E16-8660-4D5E3E29E698}.Release|Any CPU.Build.0 = Release|Any CPU
		{654E6F99-38C4-4154-84DC-7FF54661692B}.Debug|Any CPU.ActiveCfg = Debug|Any CPU
		{654E6F99-38C4-4154-84DC-7FF54661692B}.Debug|Any CPU.Build.0 = Debug|Any CPU
		{654E6F99-38C4-4154-84DC-7FF54661692B}.Release|Any CPU.ActiveCfg = Release|Any CPU
		{654E6F99-38C4-4154-84DC-7FF54661692B}.Release|Any CPU.Build.0 = Release|Any CPU
		{B6D43CF3-B3A0-43C6-BAE4-26E4AF05BBBF}.Debug|Any CPU.ActiveCfg = Debug|Any CPU
		{B6D43CF3-B3A0-43C6-BAE4-26E4AF05BBBF}.Debug|Any CPU.Build.0 = Debug|Any CPU
		{B6D43CF3-B3A0-43C6-BAE4-26E4AF05BBBF}.Release|Any CPU.ActiveCfg = Release|Any CPU
		{B6D43CF3-B3A0-43C6-BAE4-26E4AF05BBBF}.Release|Any CPU.Build.0 = Release|Any CPU
		{BEC8AECB-8B0B-4218-AAA0-8C88B49E6490}.Debug|Any CPU.ActiveCfg = Debug|Any CPU
		{BEC8AECB-8B0B-4218-AAA0-8C88B49E6490}.Debug|Any CPU.Build.0 = Debug|Any CPU
		{BEC8AECB-8B0B-4218-AAA0-8C88B49E6490}.Release|Any CPU.ActiveCfg = Release|Any CPU
		{BEC8AECB-8B0B-4218-AAA0-8C88B49E6490}.Release|Any CPU.Build.0 = Release|Any CPU
		{7018EBD7-2518-4DE7-925D-5B4CCC555C98}.Debug|Any CPU.ActiveCfg = Debug|Any CPU
		{7018EBD7-2518-4DE7-925D-5B4CCC555C98}.Debug|Any CPU.Build.0 = Debug|Any CPU
		{7018EBD7-2518-4DE7-925D-5B4CCC555C98}.Release|Any CPU.ActiveCfg = Release|Any CPU
		{7018EBD7-2518-4DE7-925D-5B4CCC555C98}.Release|Any CPU.Build.0 = Release|Any CPU
		{A8A7FBEC-179E-4E24-9A70-29EF73CD65B7}.Debug|Any CPU.ActiveCfg = Debug|Any CPU
		{A8A7FBEC-179E-4E24-9A70-29EF73CD65B7}.Debug|Any CPU.Build.0 = Debug|Any CPU
		{A8A7FBEC-179E-4E24-9A70-29EF73CD65B7}.Release|Any CPU.ActiveCfg = Release|Any CPU
		{A8A7FBEC-179E-4E24-9A70-29EF73CD65B7}.Release|Any CPU.Build.0 = Release|Any CPU
		{278BB28A-33FF-4823-9C65-7C1E4A64C6E7}.Debug|Any CPU.ActiveCfg = Debug|Any CPU
		{278BB28A-33FF-4823-9C65-7C1E4A64C6E7}.Debug|Any CPU.Build.0 = Debug|Any CPU
		{278BB28A-33FF-4823-9C65-7C1E4A64C6E7}.Release|Any CPU.ActiveCfg = Release|Any CPU
		{278BB28A-33FF-4823-9C65-7C1E4A64C6E7}.Release|Any CPU.Build.0 = Release|Any CPU
		{F2720E78-6DF4-4EA6-A035-EB18219668CD}.Debug|Any CPU.ActiveCfg = Debug|Any CPU
		{F2720E78-6DF4-4EA6-A035-EB18219668CD}.Debug|Any CPU.Build.0 = Debug|Any CPU
		{F2720E78-6DF4-4EA6-A035-EB18219668CD}.Release|Any CPU.ActiveCfg = Release|Any CPU
		{F2720E78-6DF4-4EA6-A035-EB18219668CD}.Release|Any CPU.Build.0 = Release|Any CPU
		{D8760426-ACE7-4D87-A4DF-7A0D9DA4CF9E}.Debug|Any CPU.ActiveCfg = Debug|Any CPU
		{D8760426-ACE7-4D87-A4DF-7A0D9DA4CF9E}.Debug|Any CPU.Build.0 = Debug|Any CPU
		{D8760426-ACE7-4D87-A4DF-7A0D9DA4CF9E}.Release|Any CPU.ActiveCfg = Release|Any CPU
		{D8760426-ACE7-4D87-A4DF-7A0D9DA4CF9E}.Release|Any CPU.Build.0 = Release|Any CPU
		{2DB18DCD-810D-457C-9C43-DF33B456D72A}.Debug|Any CPU.ActiveCfg = Debug|Any CPU
		{2DB18DCD-810D-457C-9C43-DF33B456D72A}.Debug|Any CPU.Build.0 = Debug|Any CPU
		{2DB18DCD-810D-457C-9C43-DF33B456D72A}.Release|Any CPU.ActiveCfg = Release|Any CPU
		{2DB18DCD-810D-457C-9C43-DF33B456D72A}.Release|Any CPU.Build.0 = Release|Any CPU
		{437FB7DB-0570-445F-B261-519F5AE0801D}.Debug|Any CPU.ActiveCfg = Debug|Any CPU
		{437FB7DB-0570-445F-B261-519F5AE0801D}.Debug|Any CPU.Build.0 = Debug|Any CPU
		{437FB7DB-0570-445F-B261-519F5AE0801D}.Release|Any CPU.ActiveCfg = Release|Any CPU
		{437FB7DB-0570-445F-B261-519F5AE0801D}.Release|Any CPU.Build.0 = Release|Any CPU
		{20871875-239F-4B2B-872C-8573FA0C8167}.Debug|Any CPU.ActiveCfg = Debug|Any CPU
		{20871875-239F-4B2B-872C-8573FA0C8167}.Debug|Any CPU.Build.0 = Debug|Any CPU
		{20871875-239F-4B2B-872C-8573FA0C8167}.Release|Any CPU.ActiveCfg = Release|Any CPU
		{20871875-239F-4B2B-872C-8573FA0C8167}.Release|Any CPU.Build.0 = Release|Any CPU
		{76EE6E92-FD40-46B4-82CF-9FC7AD20D0B8}.Debug|Any CPU.ActiveCfg = Debug|Any CPU
		{76EE6E92-FD40-46B4-82CF-9FC7AD20D0B8}.Debug|Any CPU.Build.0 = Debug|Any CPU
		{76EE6E92-FD40-46B4-82CF-9FC7AD20D0B8}.Release|Any CPU.ActiveCfg = Release|Any CPU
		{76EE6E92-FD40-46B4-82CF-9FC7AD20D0B8}.Release|Any CPU.Build.0 = Release|Any CPU
		{F331A755-0475-4F64-90E4-4101A9B41CFA}.Debug|Any CPU.ActiveCfg = Debug|Any CPU
		{F331A755-0475-4F64-90E4-4101A9B41CFA}.Debug|Any CPU.Build.0 = Debug|Any CPU
		{F331A755-0475-4F64-90E4-4101A9B41CFA}.Release|Any CPU.ActiveCfg = Release|Any CPU
		{F331A755-0475-4F64-90E4-4101A9B41CFA}.Release|Any CPU.Build.0 = Release|Any CPU
		{3F4C9A9E-3646-4F20-AFB1-DC92CD010466}.Debug|Any CPU.ActiveCfg = Debug|Any CPU
		{3F4C9A9E-3646-4F20-AFB1-DC92CD010466}.Debug|Any CPU.Build.0 = Debug|Any CPU
		{3F4C9A9E-3646-4F20-AFB1-DC92CD010466}.Release|Any CPU.ActiveCfg = Release|Any CPU
		{3F4C9A9E-3646-4F20-AFB1-DC92CD010466}.Release|Any CPU.Build.0 = Release|Any CPU
		{3EBC2644-5D94-44E5-B3E2-1966957BD00E}.Debug|Any CPU.ActiveCfg = Debug|Any CPU
		{3EBC2644-5D94-44E5-B3E2-1966957BD00E}.Debug|Any CPU.Build.0 = Debug|Any CPU
		{3EBC2644-5D94-44E5-B3E2-1966957BD00E}.Release|Any CPU.ActiveCfg = Release|Any CPU
		{3EBC2644-5D94-44E5-B3E2-1966957BD00E}.Release|Any CPU.Build.0 = Release|Any CPU
		{5B6F124D-3780-463F-B7BC-8479D1177C7B}.Debug|Any CPU.ActiveCfg = Debug|Any CPU
		{5B6F124D-3780-463F-B7BC-8479D1177C7B}.Debug|Any CPU.Build.0 = Debug|Any CPU
		{5B6F124D-3780-463F-B7BC-8479D1177C7B}.Release|Any CPU.ActiveCfg = Release|Any CPU
		{5B6F124D-3780-463F-B7BC-8479D1177C7B}.Release|Any CPU.Build.0 = Release|Any CPU
		{13E2F21B-E11B-496C-AA0E-4569E23EDCE5}.Debug|Any CPU.ActiveCfg = Debug|Any CPU
		{13E2F21B-E11B-496C-AA0E-4569E23EDCE5}.Debug|Any CPU.Build.0 = Debug|Any CPU
		{13E2F21B-E11B-496C-AA0E-4569E23EDCE5}.Release|Any CPU.ActiveCfg = Release|Any CPU
		{13E2F21B-E11B-496C-AA0E-4569E23EDCE5}.Release|Any CPU.Build.0 = Release|Any CPU
		{EF6FC9D6-395B-4BA7-AFEE-53F95C25BF45}.Debug|Any CPU.ActiveCfg = Debug|Any CPU
		{EF6FC9D6-395B-4BA7-AFEE-53F95C25BF45}.Debug|Any CPU.Build.0 = Debug|Any CPU
		{EF6FC9D6-395B-4BA7-AFEE-53F95C25BF45}.Release|Any CPU.ActiveCfg = Release|Any CPU
		{EF6FC9D6-395B-4BA7-AFEE-53F95C25BF45}.Release|Any CPU.Build.0 = Release|Any CPU
		{A37DFB94-4C0A-46B7-9046-BDEEC0DDE268}.Debug|Any CPU.ActiveCfg = Debug|Any CPU
		{A37DFB94-4C0A-46B7-9046-BDEEC0DDE268}.Debug|Any CPU.Build.0 = Debug|Any CPU
		{A37DFB94-4C0A-46B7-9046-BDEEC0DDE268}.Release|Any CPU.ActiveCfg = Release|Any CPU
		{A37DFB94-4C0A-46B7-9046-BDEEC0DDE268}.Release|Any CPU.Build.0 = Release|Any CPU
		{98508DFD-84F7-49C1-A580-C45FD01B386B}.Debug|Any CPU.ActiveCfg = Debug|Any CPU
		{98508DFD-84F7-49C1-A580-C45FD01B386B}.Debug|Any CPU.Build.0 = Debug|Any CPU
		{98508DFD-84F7-49C1-A580-C45FD01B386B}.Release|Any CPU.ActiveCfg = Release|Any CPU
		{98508DFD-84F7-49C1-A580-C45FD01B386B}.Release|Any CPU.Build.0 = Release|Any CPU
		{A35B52CD-31CA-45AE-BE45-C02F632EF578}.Debug|Any CPU.ActiveCfg = Debug|Any CPU
		{A35B52CD-31CA-45AE-BE45-C02F632EF578}.Debug|Any CPU.Build.0 = Debug|Any CPU
		{A35B52CD-31CA-45AE-BE45-C02F632EF578}.Release|Any CPU.ActiveCfg = Release|Any CPU
		{A35B52CD-31CA-45AE-BE45-C02F632EF578}.Release|Any CPU.Build.0 = Release|Any CPU
		{E9127D2C-3873-4D76-9A87-8660B0D139CD}.Debug|Any CPU.ActiveCfg = Debug|Any CPU
		{E9127D2C-3873-4D76-9A87-8660B0D139CD}.Debug|Any CPU.Build.0 = Debug|Any CPU
		{E9127D2C-3873-4D76-9A87-8660B0D139CD}.Release|Any CPU.ActiveCfg = Release|Any CPU
		{E9127D2C-3873-4D76-9A87-8660B0D139CD}.Release|Any CPU.Build.0 = Release|Any CPU
		{2E18A588-38AE-4DB9-AF8B-7A8776360FAD}.Debug|Any CPU.ActiveCfg = Debug|Any CPU
		{2E18A588-38AE-4DB9-AF8B-7A8776360FAD}.Debug|Any CPU.Build.0 = Debug|Any CPU
		{2E18A588-38AE-4DB9-AF8B-7A8776360FAD}.Release|Any CPU.ActiveCfg = Release|Any CPU
		{2E18A588-38AE-4DB9-AF8B-7A8776360FAD}.Release|Any CPU.Build.0 = Release|Any CPU
		{13566857-CDFB-48E6-8DEA-7D17B56B6CE6}.Debug|Any CPU.ActiveCfg = Debug|Any CPU
		{13566857-CDFB-48E6-8DEA-7D17B56B6CE6}.Debug|Any CPU.Build.0 = Debug|Any CPU
		{13566857-CDFB-48E6-8DEA-7D17B56B6CE6}.Release|Any CPU.ActiveCfg = Release|Any CPU
		{13566857-CDFB-48E6-8DEA-7D17B56B6CE6}.Release|Any CPU.Build.0 = Release|Any CPU
		{E3BAB687-A52F-4F25-83BB-64B18DC6613D}.Debug|Any CPU.ActiveCfg = Debug|Any CPU
		{E3BAB687-A52F-4F25-83BB-64B18DC6613D}.Debug|Any CPU.Build.0 = Debug|Any CPU
		{E3BAB687-A52F-4F25-83BB-64B18DC6613D}.Release|Any CPU.ActiveCfg = Release|Any CPU
		{E3BAB687-A52F-4F25-83BB-64B18DC6613D}.Release|Any CPU.Build.0 = Release|Any CPU
		{999CAEA2-57E1-4124-A872-59099AB5BC24}.Debug|Any CPU.ActiveCfg = Debug|Any CPU
		{999CAEA2-57E1-4124-A872-59099AB5BC24}.Debug|Any CPU.Build.0 = Debug|Any CPU
		{999CAEA2-57E1-4124-A872-59099AB5BC24}.Release|Any CPU.ActiveCfg = Release|Any CPU
		{999CAEA2-57E1-4124-A872-59099AB5BC24}.Release|Any CPU.Build.0 = Release|Any CPU
		{4F786D4A-0551-4C73-BAE2-841DFE43044F}.Debug|Any CPU.ActiveCfg = Debug|Any CPU
		{4F786D4A-0551-4C73-BAE2-841DFE43044F}.Debug|Any CPU.Build.0 = Debug|Any CPU
		{4F786D4A-0551-4C73-BAE2-841DFE43044F}.Release|Any CPU.ActiveCfg = Release|Any CPU
		{4F786D4A-0551-4C73-BAE2-841DFE43044F}.Release|Any CPU.Build.0 = Release|Any CPU
		{403D5B02-3B3B-44B8-AD5F-DFFBBE3421FD}.Debug|Any CPU.ActiveCfg = Debug|Any CPU
		{403D5B02-3B3B-44B8-AD5F-DFFBBE3421FD}.Debug|Any CPU.Build.0 = Debug|Any CPU
		{403D5B02-3B3B-44B8-AD5F-DFFBBE3421FD}.Release|Any CPU.ActiveCfg = Release|Any CPU
		{403D5B02-3B3B-44B8-AD5F-DFFBBE3421FD}.Release|Any CPU.Build.0 = Release|Any CPU
		{6BACEC9A-8DC8-4AE8-954B-6E3BA96BF5CE}.Debug|Any CPU.ActiveCfg = Debug|Any CPU
		{6BACEC9A-8DC8-4AE8-954B-6E3BA96BF5CE}.Debug|Any CPU.Build.0 = Debug|Any CPU
		{6BACEC9A-8DC8-4AE8-954B-6E3BA96BF5CE}.Release|Any CPU.ActiveCfg = Release|Any CPU
		{6BACEC9A-8DC8-4AE8-954B-6E3BA96BF5CE}.Release|Any CPU.Build.0 = Release|Any CPU
		{38B4E154-CD13-4047-8250-29609D326EE7}.Debug|Any CPU.ActiveCfg = Debug|Any CPU
		{38B4E154-CD13-4047-8250-29609D326EE7}.Debug|Any CPU.Build.0 = Debug|Any CPU
		{38B4E154-CD13-4047-8250-29609D326EE7}.Release|Any CPU.ActiveCfg = Release|Any CPU
		{38B4E154-CD13-4047-8250-29609D326EE7}.Release|Any CPU.Build.0 = Release|Any CPU
		{6A8E2B0A-43A9-4A55-8922-2224B288481C}.Debug|Any CPU.ActiveCfg = Debug|Any CPU
		{6A8E2B0A-43A9-4A55-8922-2224B288481C}.Debug|Any CPU.Build.0 = Debug|Any CPU
		{6A8E2B0A-43A9-4A55-8922-2224B288481C}.Release|Any CPU.ActiveCfg = Release|Any CPU
		{6A8E2B0A-43A9-4A55-8922-2224B288481C}.Release|Any CPU.Build.0 = Release|Any CPU
		{6ED268CB-3D08-444A-BF3E-23D166367C9F}.Debug|Any CPU.ActiveCfg = Debug|Any CPU
		{6ED268CB-3D08-444A-BF3E-23D166367C9F}.Debug|Any CPU.Build.0 = Debug|Any CPU
		{6ED268CB-3D08-444A-BF3E-23D166367C9F}.Release|Any CPU.ActiveCfg = Release|Any CPU
		{6ED268CB-3D08-444A-BF3E-23D166367C9F}.Release|Any CPU.Build.0 = Release|Any CPU
		{508CCAD3-0C0E-430A-84AE-606C5ED6342A}.Debug|Any CPU.ActiveCfg = Debug|Any CPU
		{508CCAD3-0C0E-430A-84AE-606C5ED6342A}.Debug|Any CPU.Build.0 = Debug|Any CPU
		{508CCAD3-0C0E-430A-84AE-606C5ED6342A}.Release|Any CPU.ActiveCfg = Release|Any CPU
		{508CCAD3-0C0E-430A-84AE-606C5ED6342A}.Release|Any CPU.Build.0 = Release|Any CPU
		{00F9606F-F3DC-47F9-A220-EB7D0CF7C10E}.Debug|Any CPU.ActiveCfg = Debug|Any CPU
		{00F9606F-F3DC-47F9-A220-EB7D0CF7C10E}.Debug|Any CPU.Build.0 = Debug|Any CPU
		{00F9606F-F3DC-47F9-A220-EB7D0CF7C10E}.Release|Any CPU.ActiveCfg = Release|Any CPU
		{00F9606F-F3DC-47F9-A220-EB7D0CF7C10E}.Release|Any CPU.Build.0 = Release|Any CPU
		{F3079BA9-6861-4C84-9F1E-8F867116B87D}.Debug|Any CPU.ActiveCfg = Debug|Any CPU
		{F3079BA9-6861-4C84-9F1E-8F867116B87D}.Debug|Any CPU.Build.0 = Debug|Any CPU
		{F3079BA9-6861-4C84-9F1E-8F867116B87D}.Release|Any CPU.ActiveCfg = Release|Any CPU
		{F3079BA9-6861-4C84-9F1E-8F867116B87D}.Release|Any CPU.Build.0 = Release|Any CPU
		{5DF518F7-8274-4399-BA23-F08FD1D4DDE0}.Debug|Any CPU.ActiveCfg = Debug|Any CPU
		{5DF518F7-8274-4399-BA23-F08FD1D4DDE0}.Debug|Any CPU.Build.0 = Debug|Any CPU
		{5DF518F7-8274-4399-BA23-F08FD1D4DDE0}.Release|Any CPU.ActiveCfg = Release|Any CPU
		{5DF518F7-8274-4399-BA23-F08FD1D4DDE0}.Release|Any CPU.Build.0 = Release|Any CPU
		{30C71F0C-9C3F-4113-9F01-4D033FF01738}.Debug|Any CPU.ActiveCfg = Debug|Any CPU
		{30C71F0C-9C3F-4113-9F01-4D033FF01738}.Debug|Any CPU.Build.0 = Debug|Any CPU
		{30C71F0C-9C3F-4113-9F01-4D033FF01738}.Release|Any CPU.ActiveCfg = Release|Any CPU
		{30C71F0C-9C3F-4113-9F01-4D033FF01738}.Release|Any CPU.Build.0 = Release|Any CPU
		{DB52D1CC-26E8-441B-B332-F40B3E9F1FB0}.Debug|Any CPU.ActiveCfg = Debug|Any CPU
		{DB52D1CC-26E8-441B-B332-F40B3E9F1FB0}.Debug|Any CPU.Build.0 = Debug|Any CPU
		{DB52D1CC-26E8-441B-B332-F40B3E9F1FB0}.Release|Any CPU.ActiveCfg = Release|Any CPU
		{DB52D1CC-26E8-441B-B332-F40B3E9F1FB0}.Release|Any CPU.Build.0 = Release|Any CPU
		{57CF95C1-6AFA-4275-974A-300F960EC92E}.Debug|Any CPU.ActiveCfg = Debug|Any CPU
		{57CF95C1-6AFA-4275-974A-300F960EC92E}.Debug|Any CPU.Build.0 = Debug|Any CPU
		{57CF95C1-6AFA-4275-974A-300F960EC92E}.Release|Any CPU.ActiveCfg = Release|Any CPU
		{57CF95C1-6AFA-4275-974A-300F960EC92E}.Release|Any CPU.Build.0 = Release|Any CPU
		{83CA1080-7090-4B4A-A742-98923807D3D3}.Debug|Any CPU.ActiveCfg = Debug|Any CPU
		{83CA1080-7090-4B4A-A742-98923807D3D3}.Debug|Any CPU.Build.0 = Debug|Any CPU
		{83CA1080-7090-4B4A-A742-98923807D3D3}.Release|Any CPU.ActiveCfg = Release|Any CPU
		{83CA1080-7090-4B4A-A742-98923807D3D3}.Release|Any CPU.Build.0 = Release|Any CPU
		{8C33183F-AF43-4103-A35F-8D0C6F426CA4}.Debug|Any CPU.ActiveCfg = Debug|Any CPU
		{8C33183F-AF43-4103-A35F-8D0C6F426CA4}.Debug|Any CPU.Build.0 = Debug|Any CPU
		{8C33183F-AF43-4103-A35F-8D0C6F426CA4}.Release|Any CPU.ActiveCfg = Release|Any CPU
		{8C33183F-AF43-4103-A35F-8D0C6F426CA4}.Release|Any CPU.Build.0 = Release|Any CPU
		{7AF06D6B-28F9-46F0-9BD5-1C865FDD41AE}.Debug|Any CPU.ActiveCfg = Debug|Any CPU
		{7AF06D6B-28F9-46F0-9BD5-1C865FDD41AE}.Debug|Any CPU.Build.0 = Debug|Any CPU
		{7AF06D6B-28F9-46F0-9BD5-1C865FDD41AE}.Release|Any CPU.ActiveCfg = Release|Any CPU
		{7AF06D6B-28F9-46F0-9BD5-1C865FDD41AE}.Release|Any CPU.Build.0 = Release|Any CPU
		{DCBA6E7B-3DA6-485E-8C6E-C6E7B1F3E6C2}.Debug|Any CPU.ActiveCfg = Debug|Any CPU
		{DCBA6E7B-3DA6-485E-8C6E-C6E7B1F3E6C2}.Debug|Any CPU.Build.0 = Debug|Any CPU
		{DCBA6E7B-3DA6-485E-8C6E-C6E7B1F3E6C2}.Release|Any CPU.ActiveCfg = Release|Any CPU
		{DCBA6E7B-3DA6-485E-8C6E-C6E7B1F3E6C2}.Release|Any CPU.Build.0 = Release|Any CPU
		{836E7F48-AAD9-4BC7-B810-D9779DCF4051}.Debug|Any CPU.ActiveCfg = Debug|Any CPU
		{836E7F48-AAD9-4BC7-B810-D9779DCF4051}.Debug|Any CPU.Build.0 = Debug|Any CPU
		{836E7F48-AAD9-4BC7-B810-D9779DCF4051}.Release|Any CPU.ActiveCfg = Release|Any CPU
		{836E7F48-AAD9-4BC7-B810-D9779DCF4051}.Release|Any CPU.Build.0 = Release|Any CPU
		{276BE6B5-32A5-4853-A4CA-6432029F401E}.Debug|Any CPU.ActiveCfg = Debug|Any CPU
		{276BE6B5-32A5-4853-A4CA-6432029F401E}.Debug|Any CPU.Build.0 = Debug|Any CPU
		{276BE6B5-32A5-4853-A4CA-6432029F401E}.Release|Any CPU.ActiveCfg = Release|Any CPU
		{276BE6B5-32A5-4853-A4CA-6432029F401E}.Release|Any CPU.Build.0 = Release|Any CPU
		{928060A9-9A6B-45D2-88E5-181CE4E6B2BD}.Debug|Any CPU.ActiveCfg = Debug|Any CPU
		{928060A9-9A6B-45D2-88E5-181CE4E6B2BD}.Debug|Any CPU.Build.0 = Debug|Any CPU
		{928060A9-9A6B-45D2-88E5-181CE4E6B2BD}.Release|Any CPU.ActiveCfg = Release|Any CPU
		{928060A9-9A6B-45D2-88E5-181CE4E6B2BD}.Release|Any CPU.Build.0 = Release|Any CPU
		{F84491FB-83CB-4297-9DDC-9ED4F542C665}.Debug|Any CPU.ActiveCfg = Debug|Any CPU
		{F84491FB-83CB-4297-9DDC-9ED4F542C665}.Debug|Any CPU.Build.0 = Debug|Any CPU
		{F84491FB-83CB-4297-9DDC-9ED4F542C665}.Release|Any CPU.ActiveCfg = Release|Any CPU
		{F84491FB-83CB-4297-9DDC-9ED4F542C665}.Release|Any CPU.Build.0 = Release|Any CPU
		{1EA250AA-A9DC-42A9-8F72-EF3AF7EEE62E}.Debug|Any CPU.ActiveCfg = Debug|Any CPU
		{1EA250AA-A9DC-42A9-8F72-EF3AF7EEE62E}.Debug|Any CPU.Build.0 = Debug|Any CPU
		{1EA250AA-A9DC-42A9-8F72-EF3AF7EEE62E}.Release|Any CPU.ActiveCfg = Release|Any CPU
		{1EA250AA-A9DC-42A9-8F72-EF3AF7EEE62E}.Release|Any CPU.Build.0 = Release|Any CPU
		{CE9E7C75-023C-4C12-BFFA-C45E320D9561}.Debug|Any CPU.ActiveCfg = Debug|Any CPU
		{CE9E7C75-023C-4C12-BFFA-C45E320D9561}.Debug|Any CPU.Build.0 = Debug|Any CPU
		{CE9E7C75-023C-4C12-BFFA-C45E320D9561}.Release|Any CPU.ActiveCfg = Release|Any CPU
		{CE9E7C75-023C-4C12-BFFA-C45E320D9561}.Release|Any CPU.Build.0 = Release|Any CPU
		{78EF27B9-D8B1-4F51-A491-EEFA84E465DC}.Debug|Any CPU.ActiveCfg = Debug|Any CPU
		{78EF27B9-D8B1-4F51-A491-EEFA84E465DC}.Debug|Any CPU.Build.0 = Debug|Any CPU
		{78EF27B9-D8B1-4F51-A491-EEFA84E465DC}.Release|Any CPU.ActiveCfg = Release|Any CPU
		{78EF27B9-D8B1-4F51-A491-EEFA84E465DC}.Release|Any CPU.Build.0 = Release|Any CPU
		{86F4EB57-27C8-4895-8EB6-BBF528DD06DD}.Debug|Any CPU.ActiveCfg = Debug|Any CPU
		{86F4EB57-27C8-4895-8EB6-BBF528DD06DD}.Debug|Any CPU.Build.0 = Debug|Any CPU
		{86F4EB57-27C8-4895-8EB6-BBF528DD06DD}.Release|Any CPU.ActiveCfg = Release|Any CPU
		{86F4EB57-27C8-4895-8EB6-BBF528DD06DD}.Release|Any CPU.Build.0 = Release|Any CPU
		{1F669A44-FD82-44C0-82CD-E53C8B6ED0E5}.Debug|Any CPU.ActiveCfg = Debug|Any CPU
		{1F669A44-FD82-44C0-82CD-E53C8B6ED0E5}.Debug|Any CPU.Build.0 = Debug|Any CPU
		{1F669A44-FD82-44C0-82CD-E53C8B6ED0E5}.Release|Any CPU.ActiveCfg = Release|Any CPU
		{1F669A44-FD82-44C0-82CD-E53C8B6ED0E5}.Release|Any CPU.Build.0 = Release|Any CPU
	EndGlobalSection
EndGlobal
