
Microsoft Visual Studio Solution File, Format Version 12.00
# Visual Studio Version 17
VisualStudioVersion = 17.0.31903.59
MinimumVisualStudioVersion = 10.0.40219.1
Project("{2150E333-8FDC-42A3-9474-1A3956D46DE8}") = "0001.Two Sum", "0001.Two Sum", "{19B004A0-2979-4BC7-BC8C-C59D342475D6}"
EndProject
Project("{FAE04EC0-301F-11D3-BF4B-00C04F79EFBC}") = "0001.Two Sum", "0001.Two Sum\0001.Two Sum.csproj", "{F1E2A11E-4480-4392-B42B-CA9E73DC5617}"
EndProject
Project("{2150E333-8FDC-42A3-9474-1A3956D46DE8}") = "0002.Add Two Numbers", "0002.Add Two Numbers", "{309414CF-AB14-4D5C-885A-454B93CCC9BF}"
EndProject
Project("{FAE04EC0-301F-11D3-BF4B-00C04F79EFBC}") = "0002.Add Two Numbers", "0002.Add Two Numbers\0002.Add Two Numbers.csproj", "{B83FEE21-E7B5-4F79-AE53-966B59E4B9E2}"
EndProject
Project("{2150E333-8FDC-42A3-9474-1A3956D46DE8}") = "0003.Longest Substring", "0003.Longest Substring", "{2BCBC88A-BB6D-4660-85A0-38688CB9DA9C}"
EndProject
Project("{2150E333-8FDC-42A3-9474-1A3956D46DE8}") = "0004.Median of Two Sorted Arrays", "0004.Median of Two Sorted Arrays", "{A6BB201D-B74C-41A8-A73C-124E5BF6573D}"
EndProject
Project("{FAE04EC0-301F-11D3-BF4B-00C04F79EFBC}") = "0004.", "0004\0004..csproj", "{E8C7A11E-AE3C-4AC7-B5EC-A01085595BFE}"
EndProject
Project("{2150E333-8FDC-42A3-9474-1A3956D46DE8}") = "0005.Longest Palindromic Substring", "0005.Longest Palindromic Substring", "{ADED682C-B612-4113-8E78-D0256CCC1A29}"
EndProject
Project("{FAE04EC0-301F-11D3-BF4B-00C04F79EFBC}") = "005", "005\005.csproj", "{815B8256-2120-4E7E-B8A9-50150C45207C}"
EndProject
Project("{2150E333-8FDC-42A3-9474-1A3956D46DE8}") = "6. Zigzag Conversion", "6. Zigzag Conversion", "{024D5328-9ADB-4A83-A3C9-DD9D8DA4A027}"
EndProject
Project("{FAE04EC0-301F-11D3-BF4B-00C04F79EFBC}") = "6. Zigzag Conversion", "6. Zigzag Conversion\6. Zigzag Conversion.csproj", "{CB48036A-3676-45BD-9F55-B8E6EEF03CDE}"
EndProject
Project("{2150E333-8FDC-42A3-9474-1A3956D46DE8}") = "0007.Reverse Integer", "0007.Reverse Integer", "{AB34A2F8-EF2D-4350-8F3A-0E5EE2D63B30}"
EndProject
Project("{FAE04EC0-301F-11D3-BF4B-00C04F79EFBC}") = "0007.Reverse Integer", "0007.Reverse Integer\0007.Reverse Integer.csproj", "{21A2C2CA-5D6A-4712-AD36-F79DAFF7B3FF}"
EndProject
Project("{FAE04EC0-301F-11D3-BF4B-00C04F79EFBC}") = "0003.Longest Substring Without Repeating Characters", "0003.Longest Substring Without Repeating Characters \0003.Longest Substring Without Repeating Characters.csproj", "{9BE4090D-C66F-4ED8-A6DF-3B81DE9F191D}"
EndProject
Project("{FAE04EC0-301F-11D3-BF4B-00C04F79EFBC}") = "0008.String to Integer", "0008.String to Integer \0008.String to Integer.csproj", "{71CE9A83-C1B0-4403-B5D3-4B83BACEB364}"
EndProject
Global
	GlobalSection(SolutionConfigurationPlatforms) = preSolution
		Debug|Any CPU = Debug|Any CPU
		Release|Any CPU = Release|Any CPU
	EndGlobalSection
	GlobalSection(SolutionProperties) = preSolution
		HideSolutionNode = FALSE
	EndGlobalSection
	GlobalSection(NestedProjects) = preSolution
		{F1E2A11E-4480-4392-B42B-CA9E73DC5617} = {19B004A0-2979-4BC7-BC8C-C59D342475D6}
		{B83FEE21-E7B5-4F79-AE53-966B59E4B9E2} = {309414CF-AB14-4D5C-885A-454B93CCC9BF}
		{E8C7A11E-AE3C-4AC7-B5EC-A01085595BFE} = {A6BB201D-B74C-41A8-A73C-124E5BF6573D}
		{815B8256-2120-4E7E-B8A9-50150C45207C} = {ADED682C-B612-4113-8E78-D0256CCC1A29}
		{CB48036A-3676-45BD-9F55-B8E6EEF03CDE} = {024D5328-9ADB-4A83-A3C9-DD9D8DA4A027}
		{21A2C2CA-5D6A-4712-AD36-F79DAFF7B3FF} = {AB34A2F8-EF2D-4350-8F3A-0E5EE2D63B30}
		{9BE4090D-C66F-4ED8-A6DF-3B81DE9F191D} = {2BCBC88A-BB6D-4660-85A0-38688CB9DA9C}
	EndGlobalSection
	GlobalSection(ProjectConfigurationPlatforms) = postSolution
		{F1E2A11E-4480-4392-B42B-CA9E73DC5617}.Debug|Any CPU.ActiveCfg = Debug|Any CPU
		{F1E2A11E-4480-4392-B42B-CA9E73DC5617}.Debug|Any CPU.Build.0 = Debug|Any CPU
		{F1E2A11E-4480-4392-B42B-CA9E73DC5617}.Release|Any CPU.ActiveCfg = Release|Any CPU
		{F1E2A11E-4480-4392-B42B-CA9E73DC5617}.Release|Any CPU.Build.0 = Release|Any CPU
		{B83FEE21-E7B5-4F79-AE53-966B59E4B9E2}.Debug|Any CPU.ActiveCfg = Debug|Any CPU
		{B83FEE21-E7B5-4F79-AE53-966B59E4B9E2}.Debug|Any CPU.Build.0 = Debug|Any CPU
		{B83FEE21-E7B5-4F79-AE53-966B59E4B9E2}.Release|Any CPU.ActiveCfg = Release|Any CPU
		{B83FEE21-E7B5-4F79-AE53-966B59E4B9E2}.Release|Any CPU.Build.0 = Release|Any CPU
		{E8C7A11E-AE3C-4AC7-B5EC-A01085595BFE}.Debug|Any CPU.ActiveCfg = Debug|Any CPU
		{E8C7A11E-AE3C-4AC7-B5EC-A01085595BFE}.Debug|Any CPU.Build.0 = Debug|Any CPU
		{E8C7A11E-AE3C-4AC7-B5EC-A01085595BFE}.Release|Any CPU.ActiveCfg = Release|Any CPU
		{E8C7A11E-AE3C-4AC7-B5EC-A01085595BFE}.Release|Any CPU.Build.0 = Release|Any CPU
		{815B8256-2120-4E7E-B8A9-50150C45207C}.Debug|Any CPU.ActiveCfg = Debug|Any CPU
		{815B8256-2120-4E7E-B8A9-50150C45207C}.Debug|Any CPU.Build.0 = Debug|Any CPU
		{815B8256-2120-4E7E-B8A9-50150C45207C}.Release|Any CPU.ActiveCfg = Release|Any CPU
		{815B8256-2120-4E7E-B8A9-50150C45207C}.Release|Any CPU.Build.0 = Release|Any CPU
		{CB48036A-3676-45BD-9F55-B8E6EEF03CDE}.Debug|Any CPU.ActiveCfg = Debug|Any CPU
		{CB48036A-3676-45BD-9F55-B8E6EEF03CDE}.Debug|Any CPU.Build.0 = Debug|Any CPU
		{CB48036A-3676-45BD-9F55-B8E6EEF03CDE}.Release|Any CPU.ActiveCfg = Release|Any CPU
		{CB48036A-3676-45BD-9F55-B8E6EEF03CDE}.Release|Any CPU.Build.0 = Release|Any CPU
		{21A2C2CA-5D6A-4712-AD36-F79DAFF7B3FF}.Debug|Any CPU.ActiveCfg = Debug|Any CPU
		{21A2C2CA-5D6A-4712-AD36-F79DAFF7B3FF}.Debug|Any CPU.Build.0 = Debug|Any CPU
		{21A2C2CA-5D6A-4712-AD36-F79DAFF7B3FF}.Release|Any CPU.ActiveCfg = Release|Any CPU
		{21A2C2CA-5D6A-4712-AD36-F79DAFF7B3FF}.Release|Any CPU.Build.0 = Release|Any CPU
		{9BE4090D-C66F-4ED8-A6DF-3B81DE9F191D}.Debug|Any CPU.ActiveCfg = Debug|Any CPU
		{9BE4090D-C66F-4ED8-A6DF-3B81DE9F191D}.Debug|Any CPU.Build.0 = Debug|Any CPU
		{9BE4090D-C66F-4ED8-A6DF-3B81DE9F191D}.Release|Any CPU.ActiveCfg = Release|Any CPU
		{9BE4090D-C66F-4ED8-A6DF-3B81DE9F191D}.Release|Any CPU.Build.0 = Release|Any CPU
		{71CE9A83-C1B0-4403-B5D3-4B83BACEB364}.Debug|Any CPU.ActiveCfg = Debug|Any CPU
		{71CE9A83-C1B0-4403-B5D3-4B83BACEB364}.Debug|Any CPU.Build.0 = Debug|Any CPU
		{71CE9A83-C1B0-4403-B5D3-4B83BACEB364}.Release|Any CPU.ActiveCfg = Release|Any CPU
		{71CE9A83-C1B0-4403-B5D3-4B83BACEB364}.Release|Any CPU.Build.0 = Release|Any CPU
	EndGlobalSection
EndGlobal
