
Microsoft Visual Studio Solution File, Format Version 12.00
# Visual Studio Version 17
VisualStudioVersion = 17.0.31903.59
MinimumVisualStudioVersion = 10.0.40219.1
Project("{2150E333-8FDC-42A3-9474-1A3956D46DE8}") = "0001.Two Sum", "0001.Two Sum", "{19B004A0-2979-4BC7-BC8C-C59D342475D6}"
EndProject
Project("{FAE04EC0-301F-11D3-BF4B-00C04F79EFBC}") = "0001.Two Sum", "0001.Two Sum\0001.Two Sum.csproj", "{F1E2A11E-4480-4392-B42B-CA9E73DC5617}"
EndProject
Project("{2150E333-8FDC-42A3-9474-1A3956D46DE8}") = "0002.Add Two Numbers", "0002.Add Two Numbers", "{309414CF-AB14-4D5C-885A-454B93CCC9BF}"
EndProject
Project("{FAE04EC0-301F-11D3-BF4B-00C04F79EFBC}") = "0002.Add Two Numbers", "0002.Add Two Numbers\0002.Add Two Numbers.csproj", "{B83FEE21-E7B5-4F79-AE53-966B59E4B9E2}"
EndProject
Project("{2150E333-8FDC-42A3-9474-1A3956D46DE8}") = "0003.Longest Substring", "0003.Longest Substring", "{2BCBC88A-BB6D-4660-85A0-38688CB9DA9C}"
EndProject
Project("{2150E333-8FDC-42A3-9474-1A3956D46DE8}") = "0007.Reverse Integer", "0007.Reverse Integer", "{AB34A2F8-EF2D-4350-8F3A-0E5EE2D63B30}"
EndProject
Project("{FAE04EC0-301F-11D3-BF4B-00C04F79EFBC}") = "0007.Reverse Integer", "0007.Reverse Integer\0007.Reverse Integer.csproj", "{21A2C2CA-5D6A-4712-AD36-F79DAFF7B3FF}"
EndProject
Project("{FAE04EC0-301F-11D3-BF4B-00C04F79EFBC}") = "0003.Longest Substring Without Repeating Characters", "0003.Longest Substring Without Repeating Characters \0003.Longest Substring Without Repeating Characters.csproj", "{9BE4090D-C66F-4ED8-A6DF-3B81DE9F191D}"
EndProject
Project("{FAE04EC0-301F-11D3-BF4B-00C04F79EFBC}") = "0008.String to Integer", "0008.String to Integer \0008.String to Integer.csproj", "{71CE9A83-C1B0-4403-B5D3-4B83BACEB364}"
EndProject
Project("{FAE04EC0-301F-11D3-BF4B-00C04F79EFBC}") = "0009.Palindrome Number", "0009.Palindrome Number\0009.Palindrome Number.csproj", "{8CA7520E-57A0-45E6-B28D-887FDE552E35}"
EndProject
Project("{2150E333-8FDC-42A3-9474-1A3956D46DE8}") = "0004.Median of Two Sorted Arrays", "0004.Median of Two Sorted Arrays", "{3655F1FE-0E54-449C-9CE1-0A931084E2CD}"
EndProject
Project("{FAE04EC0-301F-11D3-BF4B-00C04F79EFBC}") = "0004.Median of Two Sorted Arrays", "0004.Median of Two Sorted Arrays\0004.Median of Two Sorted Arrays.csproj", "{429A61CB-4DA1-48C5-8522-4F1165D7DE4D}"
EndProject
Project("{FAE04EC0-301F-11D3-BF4B-00C04F79EFBC}") = "0005.Longest Palindromic Substring", "0005.Longest Palindromic Substring\0005.Longest Palindromic Substring.csproj", "{A973ECF8-7725-4AAD-9B65-CB0A452EC956}"
EndProject
Project("{FAE04EC0-301F-11D3-BF4B-00C04F79EFBC}") = "0010.Regular Expression Matching", "0010.Regular Expression Matching\0010.Regular Expression Matching.csproj", "{4509B64E-7704-4DEA-8511-F741D9339F70}"
EndProject
Project("{FAE04EC0-301F-11D3-BF4B-00C04F79EFBC}") = "0011.Container With Most Water", "0011.Container With Most Water\0011.Container With Most Water.csproj", "{D0490254-6487-4E16-8660-4D5E3E29E698}"
EndProject
Project("{FAE04EC0-301F-11D3-BF4B-00C04F79EFBC}") = "0012.Integer to Roman", "0012.Integer to Roman\0012.Integer to Roman.csproj", "{654E6F99-38C4-4154-84DC-7FF54661692B}"
EndProject
Project("{FAE04EC0-301F-11D3-BF4B-00C04F79EFBC}") = "0013.Roman to Integer", "0013.Roman to Integer\0013.Roman to Integer.csproj", "{B6D43CF3-B3A0-43C6-BAE4-26E4AF05BBBF}"
EndProject
Project("{FAE04EC0-301F-11D3-BF4B-00C04F79EFBC}") = "0014.Longest Common Prefix", "0014.Longest Common Prefix\0014.Longest Common Prefix.csproj", "{BEC8AECB-8B0B-4218-AAA0-8C88B49E6490}"
EndProject
Project("{FAE04EC0-301F-11D3-BF4B-00C04F79EFBC}") = "0015.3Sum", "0015.3Sum\0015.3Sum.csproj", "{7018EBD7-2518-4DE7-925D-5B4CCC555C98}"
EndProject
Project("{FAE04EC0-301F-11D3-BF4B-00C04F79EFBC}") = "0016.3Sum Closest", "0016.3Sum Closest \0016.3Sum Closest.csproj", "{A8A7FBEC-179E-4E24-9A70-29EF73CD65B7}"
EndProject
Project("{FAE04EC0-301F-11D3-BF4B-00C04F79EFBC}") = "0017.Letter Combinations of a Phone Number", "0017.Letter Combinations of a Phone Number \0017.Letter Combinations of a Phone Number.csproj", "{278BB28A-33FF-4823-9C65-7C1E4A64C6E7}"
EndProject
Project("{FAE04EC0-301F-11D3-BF4B-00C04F79EFBC}") = "0018.4Sum", "0018.4Sum\0018.4Sum.csproj", "{F2720E78-6DF4-4EA6-A035-EB18219668CD}"
EndProject
Project("{FAE04EC0-301F-11D3-BF4B-00C04F79EFBC}") = "0019.Remove Nth Node From End of List", "0019.Remove Nth Node From End of List \0019.Remove Nth Node From End of List.csproj", "{D8760426-ACE7-4D87-A4DF-7A0D9DA4CF9E}"
EndProject
Project("{FAE04EC0-301F-11D3-BF4B-00C04F79EFBC}") = "0020.Valid Parentheses", "0020.Valid Parentheses\0020.Valid Parentheses.csproj", "{2DB18DCD-810D-457C-9C43-DF33B456D72A}"
EndProject
Project("{FAE04EC0-301F-11D3-BF4B-00C04F79EFBC}") = "0021.Merge Two Sorted Lists", "0021.Merge Two Sorted Lists\0021.Merge Two Sorted Lists.csproj", "{437FB7DB-0570-445F-B261-519F5AE0801D}"
EndProject
Project("{FAE04EC0-301F-11D3-BF4B-00C04F79EFBC}") = "0022.Generate Parentheses", "0022.Generate Parentheses\0022.Generate Parentheses.csproj", "{20871875-239F-4B2B-872C-8573FA0C8167}"
EndProject
Project("{FAE04EC0-301F-11D3-BF4B-00C04F79EFBC}") = "0023.Merge k Sorted Lists", "0023.Merge k Sorted Lists\0023.Merge k Sorted Lists.csproj", "{76EE6E92-FD40-46B4-82CF-9FC7AD20D0B8}"
EndProject
Project("{FAE04EC0-301F-11D3-BF4B-00C04F79EFBC}") = "0024.Swap Nodes in Pairs", "0024.Swap Nodes in Pairs\0024.Swap Nodes in Pairs.csproj", "{F331A755-0475-4F64-90E4-4101A9B41CFA}"
EndProject
Project("{FAE04EC0-301F-11D3-BF4B-00C04F79EFBC}") = "0025.Reverse Nodes in k-Group", "0025.Reverse Nodes in k-Group\0025.Reverse Nodes in k-Group.csproj", "{3F4C9A9E-3646-4F20-AFB1-DC92CD010466}"
EndProject
Project("{FAE04EC0-301F-11D3-BF4B-00C04F79EFBC}") = "0126.Word Ladder", "0126.Word Ladder\0126.Word Ladder.csproj", "{3EBC2644-5D94-44E5-B3E2-1966957BD00E}"
EndProject
Project("{FAE04EC0-301F-11D3-BF4B-00C04F79EFBC}") = "0127.Word Ladder", "0127.Word Ladder \0127.Word Ladder.csproj", "{5B6F124D-3780-463F-B7BC-8479D1177C7B}"
EndProject
Project("{FAE04EC0-301F-11D3-BF4B-00C04F79EFBC}") = "0128.Longest Consecutive Sequence", "0128.Longest Consecutive Sequence\0128.Longest Consecutive Sequence.csproj", "{13E2F21B-E11B-496C-AA0E-4569E23EDCE5}"
EndProject
Project("{FAE04EC0-301F-11D3-BF4B-00C04F79EFBC}") = "0026.Remove Duplicates from Sorted Array", "0026.Remove Duplicates from Sorted Array\0026.Remove Duplicates from Sorted Array.csproj", "{EF6FC9D6-395B-4BA7-AFEE-53F95C25BF45}"
EndProject
Global
	GlobalSection(SolutionConfigurationPlatforms) = preSolution
		Debug|Any CPU = Debug|Any CPU
		Release|Any CPU = Release|Any CPU
	EndGlobalSection
	GlobalSection(SolutionProperties) = preSolution
		HideSolutionNode = FALSE
	EndGlobalSection
	GlobalSection(NestedProjects) = preSolution
		{F1E2A11E-4480-4392-B42B-CA9E73DC5617} = {19B004A0-2979-4BC7-BC8C-C59D342475D6}
		{B83FEE21-E7B5-4F79-AE53-966B59E4B9E2} = {309414CF-AB14-4D5C-885A-454B93CCC9BF}
		{21A2C2CA-5D6A-4712-AD36-F79DAFF7B3FF} = {AB34A2F8-EF2D-4350-8F3A-0E5EE2D63B30}
		{9BE4090D-C66F-4ED8-A6DF-3B81DE9F191D} = {2BCBC88A-BB6D-4660-85A0-38688CB9DA9C}
		{429A61CB-4DA1-48C5-8522-4F1165D7DE4D} = {3655F1FE-0E54-449C-9CE1-0A931084E2CD}
	EndGlobalSection
	GlobalSection(ProjectConfigurationPlatforms) = postSolution
		{F1E2A11E-4480-4392-B42B-CA9E73DC5617}.Debug|Any CPU.ActiveCfg = Debug|Any CPU
		{F1E2A11E-4480-4392-B42B-CA9E73DC5617}.Debug|Any CPU.Build.0 = Debug|Any CPU
		{F1E2A11E-4480-4392-B42B-CA9E73DC5617}.Release|Any CPU.ActiveCfg = Release|Any CPU
		{F1E2A11E-4480-4392-B42B-CA9E73DC5617}.Release|Any CPU.Build.0 = Release|Any CPU
		{B83FEE21-E7B5-4F79-AE53-966B59E4B9E2}.Debug|Any CPU.ActiveCfg = Debug|Any CPU
		{B83FEE21-E7B5-4F79-AE53-966B59E4B9E2}.Debug|Any CPU.Build.0 = Debug|Any CPU
		{B83FEE21-E7B5-4F79-AE53-966B59E4B9E2}.Release|Any CPU.ActiveCfg = Release|Any CPU
		{B83FEE21-E7B5-4F79-AE53-966B59E4B9E2}.Release|Any CPU.Build.0 = Release|Any CPU
		{21A2C2CA-5D6A-4712-AD36-F79DAFF7B3FF}.Debug|Any CPU.ActiveCfg = Debug|Any CPU
		{21A2C2CA-5D6A-4712-AD36-F79DAFF7B3FF}.Debug|Any CPU.Build.0 = Debug|Any CPU
		{21A2C2CA-5D6A-4712-AD36-F79DAFF7B3FF}.Release|Any CPU.ActiveCfg = Release|Any CPU
		{21A2C2CA-5D6A-4712-AD36-F79DAFF7B3FF}.Release|Any CPU.Build.0 = Release|Any CPU
		{9BE4090D-C66F-4ED8-A6DF-3B81DE9F191D}.Debug|Any CPU.ActiveCfg = Debug|Any CPU
		{9BE4090D-C66F-4ED8-A6DF-3B81DE9F191D}.Debug|Any CPU.Build.0 = Debug|Any CPU
		{9BE4090D-C66F-4ED8-A6DF-3B81DE9F191D}.Release|Any CPU.ActiveCfg = Release|Any CPU
		{9BE4090D-C66F-4ED8-A6DF-3B81DE9F191D}.Release|Any CPU.Build.0 = Release|Any CPU
		{71CE9A83-C1B0-4403-B5D3-4B83BACEB364}.Debug|Any CPU.ActiveCfg = Debug|Any CPU
		{71CE9A83-C1B0-4403-B5D3-4B83BACEB364}.Debug|Any CPU.Build.0 = Debug|Any CPU
		{71CE9A83-C1B0-4403-B5D3-4B83BACEB364}.Release|Any CPU.ActiveCfg = Release|Any CPU
		{71CE9A83-C1B0-4403-B5D3-4B83BACEB364}.Release|Any CPU.Build.0 = Release|Any CPU
		{8CA7520E-57A0-45E6-B28D-887FDE552E35}.Debug|Any CPU.ActiveCfg = Debug|Any CPU
		{8CA7520E-57A0-45E6-B28D-887FDE552E35}.Debug|Any CPU.Build.0 = Debug|Any CPU
		{8CA7520E-57A0-45E6-B28D-887FDE552E35}.Release|Any CPU.ActiveCfg = Release|Any CPU
		{8CA7520E-57A0-45E6-B28D-887FDE552E35}.Release|Any CPU.Build.0 = Release|Any CPU
		{429A61CB-4DA1-48C5-8522-4F1165D7DE4D}.Debug|Any CPU.ActiveCfg = Debug|Any CPU
		{429A61CB-4DA1-48C5-8522-4F1165D7DE4D}.Debug|Any CPU.Build.0 = Debug|Any CPU
		{429A61CB-4DA1-48C5-8522-4F1165D7DE4D}.Release|Any CPU.ActiveCfg = Release|Any CPU
		{429A61CB-4DA1-48C5-8522-4F1165D7DE4D}.Release|Any CPU.Build.0 = Release|Any CPU
		{A973ECF8-7725-4AAD-9B65-CB0A452EC956}.Debug|Any CPU.ActiveCfg = Debug|Any CPU
		{A973ECF8-7725-4AAD-9B65-CB0A452EC956}.Debug|Any CPU.Build.0 = Debug|Any CPU
		{A973ECF8-7725-4AAD-9B65-CB0A452EC956}.Release|Any CPU.ActiveCfg = Release|Any CPU
		{A973ECF8-7725-4AAD-9B65-CB0A452EC956}.Release|Any CPU.Build.0 = Release|Any CPU
		{4509B64E-7704-4DEA-8511-F741D9339F70}.Debug|Any CPU.ActiveCfg = Debug|Any CPU
		{4509B64E-7704-4DEA-8511-F741D9339F70}.Debug|Any CPU.Build.0 = Debug|Any CPU
		{4509B64E-7704-4DEA-8511-F741D9339F70}.Release|Any CPU.ActiveCfg = Release|Any CPU
		{4509B64E-7704-4DEA-8511-F741D9339F70}.Release|Any CPU.Build.0 = Release|Any CPU
		{D0490254-6487-4E16-8660-4D5E3E29E698}.Debug|Any CPU.ActiveCfg = Debug|Any CPU
		{D0490254-6487-4E16-8660-4D5E3E29E698}.Debug|Any CPU.Build.0 = Debug|Any CPU
		{D0490254-6487-4E16-8660-4D5E3E29E698}.Release|Any CPU.ActiveCfg = Release|Any CPU
		{D0490254-6487-4E16-8660-4D5E3E29E698}.Release|Any CPU.Build.0 = Release|Any CPU
		{654E6F99-38C4-4154-84DC-7FF54661692B}.Debug|Any CPU.ActiveCfg = Debug|Any CPU
		{654E6F99-38C4-4154-84DC-7FF54661692B}.Debug|Any CPU.Build.0 = Debug|Any CPU
		{654E6F99-38C4-4154-84DC-7FF54661692B}.Release|Any CPU.ActiveCfg = Release|Any CPU
		{654E6F99-38C4-4154-84DC-7FF54661692B}.Release|Any CPU.Build.0 = Release|Any CPU
		{B6D43CF3-B3A0-43C6-BAE4-26E4AF05BBBF}.Debug|Any CPU.ActiveCfg = Debug|Any CPU
		{B6D43CF3-B3A0-43C6-BAE4-26E4AF05BBBF}.Debug|Any CPU.Build.0 = Debug|Any CPU
		{B6D43CF3-B3A0-43C6-BAE4-26E4AF05BBBF}.Release|Any CPU.ActiveCfg = Release|Any CPU
		{B6D43CF3-B3A0-43C6-BAE4-26E4AF05BBBF}.Release|Any CPU.Build.0 = Release|Any CPU
		{BEC8AECB-8B0B-4218-AAA0-8C88B49E6490}.Debug|Any CPU.ActiveCfg = Debug|Any CPU
		{BEC8AECB-8B0B-4218-AAA0-8C88B49E6490}.Debug|Any CPU.Build.0 = Debug|Any CPU
		{BEC8AECB-8B0B-4218-AAA0-8C88B49E6490}.Release|Any CPU.ActiveCfg = Release|Any CPU
		{BEC8AECB-8B0B-4218-AAA0-8C88B49E6490}.Release|Any CPU.Build.0 = Release|Any CPU
		{7018EBD7-2518-4DE7-925D-5B4CCC555C98}.Debug|Any CPU.ActiveCfg = Debug|Any CPU
		{7018EBD7-2518-4DE7-925D-5B4CCC555C98}.Debug|Any CPU.Build.0 = Debug|Any CPU
		{7018EBD7-2518-4DE7-925D-5B4CCC555C98}.Release|Any CPU.ActiveCfg = Release|Any CPU
		{7018EBD7-2518-4DE7-925D-5B4CCC555C98}.Release|Any CPU.Build.0 = Release|Any CPU
		{A8A7FBEC-179E-4E24-9A70-29EF73CD65B7}.Debug|Any CPU.ActiveCfg = Debug|Any CPU
		{A8A7FBEC-179E-4E24-9A70-29EF73CD65B7}.Debug|Any CPU.Build.0 = Debug|Any CPU
		{A8A7FBEC-179E-4E24-9A70-29EF73CD65B7}.Release|Any CPU.ActiveCfg = Release|Any CPU
		{A8A7FBEC-179E-4E24-9A70-29EF73CD65B7}.Release|Any CPU.Build.0 = Release|Any CPU
		{278BB28A-33FF-4823-9C65-7C1E4A64C6E7}.Debug|Any CPU.ActiveCfg = Debug|Any CPU
		{278BB28A-33FF-4823-9C65-7C1E4A64C6E7}.Debug|Any CPU.Build.0 = Debug|Any CPU
		{278BB28A-33FF-4823-9C65-7C1E4A64C6E7}.Release|Any CPU.ActiveCfg = Release|Any CPU
		{278BB28A-33FF-4823-9C65-7C1E4A64C6E7}.Release|Any CPU.Build.0 = Release|Any CPU
		{F2720E78-6DF4-4EA6-A035-EB18219668CD}.Debug|Any CPU.ActiveCfg = Debug|Any CPU
		{F2720E78-6DF4-4EA6-A035-EB18219668CD}.Debug|Any CPU.Build.0 = Debug|Any CPU
		{F2720E78-6DF4-4EA6-A035-EB18219668CD}.Release|Any CPU.ActiveCfg = Release|Any CPU
		{F2720E78-6DF4-4EA6-A035-EB18219668CD}.Release|Any CPU.Build.0 = Release|Any CPU
		{D8760426-ACE7-4D87-A4DF-7A0D9DA4CF9E}.Debug|Any CPU.ActiveCfg = Debug|Any CPU
		{D8760426-ACE7-4D87-A4DF-7A0D9DA4CF9E}.Debug|Any CPU.Build.0 = Debug|Any CPU
		{D8760426-ACE7-4D87-A4DF-7A0D9DA4CF9E}.Release|Any CPU.ActiveCfg = Release|Any CPU
		{D8760426-ACE7-4D87-A4DF-7A0D9DA4CF9E}.Release|Any CPU.Build.0 = Release|Any CPU
		{2DB18DCD-810D-457C-9C43-DF33B456D72A}.Debug|Any CPU.ActiveCfg = Debug|Any CPU
		{2DB18DCD-810D-457C-9C43-DF33B456D72A}.Debug|Any CPU.Build.0 = Debug|Any CPU
		{2DB18DCD-810D-457C-9C43-DF33B456D72A}.Release|Any CPU.ActiveCfg = Release|Any CPU
		{2DB18DCD-810D-457C-9C43-DF33B456D72A}.Release|Any CPU.Build.0 = Release|Any CPU
		{437FB7DB-0570-445F-B261-519F5AE0801D}.Debug|Any CPU.ActiveCfg = Debug|Any CPU
		{437FB7DB-0570-445F-B261-519F5AE0801D}.Debug|Any CPU.Build.0 = Debug|Any CPU
		{437FB7DB-0570-445F-B261-519F5AE0801D}.Release|Any CPU.ActiveCfg = Release|Any CPU
		{437FB7DB-0570-445F-B261-519F5AE0801D}.Release|Any CPU.Build.0 = Release|Any CPU
		{20871875-239F-4B2B-872C-8573FA0C8167}.Debug|Any CPU.ActiveCfg = Debug|Any CPU
		{20871875-239F-4B2B-872C-8573FA0C8167}.Debug|Any CPU.Build.0 = Debug|Any CPU
		{20871875-239F-4B2B-872C-8573FA0C8167}.Release|Any CPU.ActiveCfg = Release|Any CPU
		{20871875-239F-4B2B-872C-8573FA0C8167}.Release|Any CPU.Build.0 = Release|Any CPU
		{76EE6E92-FD40-46B4-82CF-9FC7AD20D0B8}.Debug|Any CPU.ActiveCfg = Debug|Any CPU
		{76EE6E92-FD40-46B4-82CF-9FC7AD20D0B8}.Debug|Any CPU.Build.0 = Debug|Any CPU
		{76EE6E92-FD40-46B4-82CF-9FC7AD20D0B8}.Release|Any CPU.ActiveCfg = Release|Any CPU
		{76EE6E92-FD40-46B4-82CF-9FC7AD20D0B8}.Release|Any CPU.Build.0 = Release|Any CPU
		{F331A755-0475-4F64-90E4-4101A9B41CFA}.Debug|Any CPU.ActiveCfg = Debug|Any CPU
		{F331A755-0475-4F64-90E4-4101A9B41CFA}.Debug|Any CPU.Build.0 = Debug|Any CPU
		{F331A755-0475-4F64-90E4-4101A9B41CFA}.Release|Any CPU.ActiveCfg = Release|Any CPU
		{F331A755-0475-4F64-90E4-4101A9B41CFA}.Release|Any CPU.Build.0 = Release|Any CPU
		{3F4C9A9E-3646-4F20-AFB1-DC92CD010466}.Debug|Any CPU.ActiveCfg = Debug|Any CPU
		{3F4C9A9E-3646-4F20-AFB1-DC92CD010466}.Debug|Any CPU.Build.0 = Debug|Any CPU
		{3F4C9A9E-3646-4F20-AFB1-DC92CD010466}.Release|Any CPU.ActiveCfg = Release|Any CPU
		{3F4C9A9E-3646-4F20-AFB1-DC92CD010466}.Release|Any CPU.Build.0 = Release|Any CPU
		{3EBC2644-5D94-44E5-B3E2-1966957BD00E}.Debug|Any CPU.ActiveCfg = Debug|Any CPU
		{3EBC2644-5D94-44E5-B3E2-1966957BD00E}.Debug|Any CPU.Build.0 = Debug|Any CPU
		{3EBC2644-5D94-44E5-B3E2-1966957BD00E}.Release|Any CPU.ActiveCfg = Release|Any CPU
		{3EBC2644-5D94-44E5-B3E2-1966957BD00E}.Release|Any CPU.Build.0 = Release|Any CPU
		{5B6F124D-3780-463F-B7BC-8479D1177C7B}.Debug|Any CPU.ActiveCfg = Debug|Any CPU
		{5B6F124D-3780-463F-B7BC-8479D1177C7B}.Debug|Any CPU.Build.0 = Debug|Any CPU
		{5B6F124D-3780-463F-B7BC-8479D1177C7B}.Release|Any CPU.ActiveCfg = Release|Any CPU
		{5B6F124D-3780-463F-B7BC-8479D1177C7B}.Release|Any CPU.Build.0 = Release|Any CPU
		{13E2F21B-E11B-496C-AA0E-4569E23EDCE5}.Debug|Any CPU.ActiveCfg = Debug|Any CPU
		{13E2F21B-E11B-496C-AA0E-4569E23EDCE5}.Debug|Any CPU.Build.0 = Debug|Any CPU
		{13E2F21B-E11B-496C-AA0E-4569E23EDCE5}.Release|Any CPU.ActiveCfg = Release|Any CPU
		{13E2F21B-E11B-496C-AA0E-4569E23EDCE5}.Release|Any CPU.Build.0 = Release|Any CPU
		{EF6FC9D6-395B-4BA7-AFEE-53F95C25BF45}.Debug|Any CPU.ActiveCfg = Debug|Any CPU
		{EF6FC9D6-395B-4BA7-AFEE-53F95C25BF45}.Debug|Any CPU.Build.0 = Debug|Any CPU
		{EF6FC9D6-395B-4BA7-AFEE-53F95C25BF45}.Release|Any CPU.ActiveCfg = Release|Any CPU
		{EF6FC9D6-395B-4BA7-AFEE-53F95C25BF45}.Release|Any CPU.Build.0 = Release|Any CPU
	EndGlobalSection
EndGlobal
